
Microsoft Visual Studio Solution File, Format Version 12.00
# Visual Studio Version 16
VisualStudioVersion = 16.0.32413.511
MinimumVisualStudioVersion = 10.0.40219.1
Project("{FAE04EC0-301F-11D3-BF4B-00C04F79EFBC}") = "ConsoleAppEjercicio7", "ConsoleAppEjercicio7.csproj", "{F2A09EE9-2BE5-4399-9AB2-286FE359FE43}"
EndProject
Global
	GlobalSection(SolutionConfigurationPlatforms) = preSolution
		Debug|Any CPU = Debug|Any CPU
		Release|Any CPU = Release|Any CPU
	EndGlobalSection
	GlobalSection(ProjectConfigurationPlatforms) = postSolution
		{F2A09EE9-2BE5-4399-9AB2-286FE359FE43}.Debug|Any CPU.ActiveCfg = Debug|Any CPU
		{F2A09EE9-2BE5-4399-9AB2-286FE359FE43}.Debug|Any CPU.Build.0 = Debug|Any CPU
		{F2A09EE9-2BE5-4399-9AB2-286FE359FE43}.Release|Any CPU.ActiveCfg = Release|Any CPU
		{F2A09EE9-2BE5-4399-9AB2-286FE359FE43}.Release|Any CPU.Build.0 = Release|Any CPU
	EndGlobalSection
	GlobalSection(SolutionProperties) = preSolution
		HideSolutionNode = FALSE
	EndGlobalSection
	GlobalSection(ExtensibilityGlobals) = postSolution
		SolutionGuid = {184F7586-6236-4666-BA86-8BD3346A6B18}
	EndGlobalSection
EndGlobal
