
Microsoft Visual Studio Solution File, Format Version 12.00
# Visual Studio Version 16
VisualStudioVersion = 16.0.32413.511
MinimumVisualStudioVersion = 10.0.40219.1
Project("{FAE04EC0-301F-11D3-BF4B-00C04F79EFBC}") = "ConsoleAppEjercicio8", "ConsoleAppEjercicio8.csproj", "{EBA5B685-08AF-4086-B6C3-6F9C55D3A706}"
EndProject
Global
	GlobalSection(SolutionConfigurationPlatforms) = preSolution
		Debug|Any CPU = Debug|Any CPU
		Release|Any CPU = Release|Any CPU
	EndGlobalSection
	GlobalSection(ProjectConfigurationPlatforms) = postSolution
		{EBA5B685-08AF-4086-B6C3-6F9C55D3A706}.Debug|Any CPU.ActiveCfg = Debug|Any CPU
		{EBA5B685-08AF-4086-B6C3-6F9C55D3A706}.Debug|Any CPU.Build.0 = Debug|Any CPU
		{EBA5B685-08AF-4086-B6C3-6F9C55D3A706}.Release|Any CPU.ActiveCfg = Release|Any CPU
		{EBA5B685-08AF-4086-B6C3-6F9C55D3A706}.Release|Any CPU.Build.0 = Release|Any CPU
	EndGlobalSection
	GlobalSection(SolutionProperties) = preSolution
		HideSolutionNode = FALSE
	EndGlobalSection
	GlobalSection(ExtensibilityGlobals) = postSolution
		SolutionGuid = {8C18B7CB-308A-4835-83B3-A9BE04293A67}
	EndGlobalSection
EndGlobal
