
Microsoft Visual Studio Solution File, Format Version 12.00
# Visual Studio Version 16
VisualStudioVersion = 16.0.32413.511
MinimumVisualStudioVersion = 10.0.40219.1
Project("{FAE04EC0-301F-11D3-BF4B-00C04F79EFBC}") = "ConsoleAppEjercicio9", "ConsoleAppEjercicio9.csproj", "{B4F56AF5-359B-42B6-9A7A-F3720D74FC0D}"
EndProject
Global
	GlobalSection(SolutionConfigurationPlatforms) = preSolution
		Debug|Any CPU = Debug|Any CPU
		Release|Any CPU = Release|Any CPU
	EndGlobalSection
	GlobalSection(ProjectConfigurationPlatforms) = postSolution
		{B4F56AF5-359B-42B6-9A7A-F3720D74FC0D}.Debug|Any CPU.ActiveCfg = Debug|Any CPU
		{B4F56AF5-359B-42B6-9A7A-F3720D74FC0D}.Debug|Any CPU.Build.0 = Debug|Any CPU
		{B4F56AF5-359B-42B6-9A7A-F3720D74FC0D}.Release|Any CPU.ActiveCfg = Release|Any CPU
		{B4F56AF5-359B-42B6-9A7A-F3720D74FC0D}.Release|Any CPU.Build.0 = Release|Any CPU
	EndGlobalSection
	GlobalSection(SolutionProperties) = preSolution
		HideSolutionNode = FALSE
	EndGlobalSection
	GlobalSection(ExtensibilityGlobals) = postSolution
		SolutionGuid = {8BABC02B-75BD-442E-A1BF-034BE2982376}
	EndGlobalSection
EndGlobal
